{
  "name": "appreservation",
  "lockfileVersion": 2,
  "requires": true,
  "packages": {
    "": {
      "dependencies": {
        "bootstrap-icons": "^1.9.1"
      },
      "devDependencies": {
        "@hotwired/stimulus": "^3.0.0",
        "@symfony/ux-chartjs": "file:vendor/symfony/ux-chartjs/Resources/assets",
        "chart.js": "^3.4.1",
        "vanillajs-datepicker": "^1.2.0"
      }
    },
    "node_modules/@hotwired/stimulus": {
      "version": "3.1.0",
      "resolved": "https://registry.npmjs.org/@hotwired/stimulus/-/stimulus-3.1.0.tgz",
      "integrity": "sha512-iDMHUhiEJ1xFeicyHcZQQgBzhtk5mPR0QZO3L6wtqzMsJEk2TKECuCQTGKjm+KJTHVY0dKq1dOOAWvODjpd2Mg==",
      "dev": true
    },
    "node_modules/@symfony/ux-chartjs": {
      "resolved": "vendor/symfony/ux-chartjs/Resources/assets",
      "link": true
    },
    "node_modules/@types/chart.js": {
      "version": "2.9.37",
      "resolved": "https://registry.npmjs.org/@types/chart.js/-/chart.js-2.9.37.tgz",
      "integrity": "sha512-9bosRfHhkXxKYfrw94EmyDQcdjMaQPkU1fH2tDxu8DWXxf1mjzWQAV4laJF51ZbC2ycYwNDvIm1rGez8Bug0vg==",
      "dev": true,
      "dependencies": {
        "moment": "^2.10.2"
      }
    },
    "node_modules/bootstrap-icons": {
      "version": "1.9.1",
      "resolved": "https://registry.npmjs.org/bootstrap-icons/-/bootstrap-icons-1.9.1.tgz",
      "integrity": "sha512-d4ZkO30MIkAhQ2nNRJqKXJVEQorALGbLWTuRxyCTJF96lRIV6imcgMehWGJUiJMJhglN0o2tqLIeDnMdiQEE9g=="
    },
    "node_modules/chart.js": {
      "version": "3.9.1",
      "resolved": "https://registry.npmjs.org/chart.js/-/chart.js-3.9.1.tgz",
      "integrity": "sha512-Ro2JbLmvg83gXF5F4sniaQ+lTbSv18E+TIf2cOeiH1Iqd2PGFOtem+DUufMZsCJwFE7ywPOpfXFBwRTGq7dh6w==",
      "dev": true
    },
    "node_modules/color-name": {
      "version": "1.1.4",
      "resolved": "https://registry.npmjs.org/color-name/-/color-name-1.1.4.tgz",
      "integrity": "sha512-dOy+3AuW3a2wNbZHIuMZpTcgjGuLU/uBL/ubcZF9OXbDo8ff4O8yVp5Bf0efS8uEoYo5q4Fx7dY9OgQGXgAsQA==",
      "dev": true
    },
    "node_modules/cssfontparser": {
      "version": "1.2.1",
      "resolved": "https://registry.npmjs.org/cssfontparser/-/cssfontparser-1.2.1.tgz",
      "integrity": "sha512-6tun4LoZnj7VN6YeegOVb67KBX/7JJsqvj+pv3ZA7F878/eN33AbGa5b/S/wXxS/tcp8nc40xRUrsPlxIyNUPg==",
      "dev": true
    },
    "node_modules/jest-canvas-mock": {
      "version": "2.4.0",
      "resolved": "https://registry.npmjs.org/jest-canvas-mock/-/jest-canvas-mock-2.4.0.tgz",
      "integrity": "sha512-mmMpZzpmLzn5vepIaHk5HoH3Ka4WykbSoLuG/EKoJd0x0ID/t+INo1l8ByfcUJuDM+RIsL4QDg/gDnBbrj2/IQ==",
      "dev": true,
      "dependencies": {
        "cssfontparser": "^1.2.1",
        "moo-color": "^1.0.2"
      }
    },
    "node_modules/moment": {
      "version": "2.29.4",
      "resolved": "https://registry.npmjs.org/moment/-/moment-2.29.4.tgz",
      "integrity": "sha512-5LC9SOxjSc2HF6vO2CyuTDNivEdoz2IvyJJGj6X8DJ0eFyfszE0QiEd+iXmBvUP3WHxSjFH/vIsA0EN00cgr8w==",
      "dev": true,
      "engines": {
        "node": "*"
      }
    },
    "node_modules/moo-color": {
      "version": "1.0.3",
      "resolved": "https://registry.npmjs.org/moo-color/-/moo-color-1.0.3.tgz",
      "integrity": "sha512-i/+ZKXMDf6aqYtBhuOcej71YSlbjT3wCO/4H1j8rPvxDJEifdwgg5MaFyu6iYAT8GBZJg2z0dkgK4YMzvURALQ==",
      "dev": true,
      "dependencies": {
        "color-name": "^1.1.4"
      }
    },
    "node_modules/resize-observer-polyfill": {
      "version": "1.5.1",
      "resolved": "https://registry.npmjs.org/resize-observer-polyfill/-/resize-observer-polyfill-1.5.1.tgz",
      "integrity": "sha512-LwZrotdHOo12nQuZlHEmtuXdqGoOD0OhaxopaNFxWzInpEgaLWoVuAMbTzixuosCx2nEG58ngzW3vxdWoxIgdg==",
      "dev": true
    },
    "node_modules/vanillajs-datepicker": {
      "version": "1.2.0",
      "resolved": "https://registry.npmjs.org/vanillajs-datepicker/-/vanillajs-datepicker-1.2.0.tgz",
      "integrity": "sha512-bfGdPYMf/lPwx0bJaXKKeyr3J7TnSBzB8xRWxMq6rtLxyAyyAjdCQ1h0WRGpRmE0qXIKdDy3yzRMDLHEGOub3A==",
      "dev": true
    },
    "vendor/symfony/ux-chartjs/Resources/assets": {
      "name": "@symfony/ux-chartjs",
      "version": "1.1.0",
      "dev": true,
      "license": "MIT",
      "devDependencies": {
        "@hotwired/stimulus": "^3.0.0",
        "@types/chart.js": "^2.9.34",
        "chart.js": "^3.4.1",
        "jest-canvas-mock": "^2.3.0",
        "resize-observer-polyfill": "^1.5.1"
      },
      "peerDependencies": {
        "@hotwired/stimulus": "^3.0.0",
        "chart.js": "^3.4.1"
      }
    }
  },
  "dependencies": {
    "@hotwired/stimulus": {
      "version": "3.1.0",
      "resolved": "https://registry.npmjs.org/@hotwired/stimulus/-/stimulus-3.1.0.tgz",
      "integrity": "sha512-iDMHUhiEJ1xFeicyHcZQQgBzhtk5mPR0QZO3L6wtqzMsJEk2TKECuCQTGKjm+KJTHVY0dKq1dOOAWvODjpd2Mg==",
      "dev": true
    },
    "@symfony/ux-chartjs": {
      "version": "file:vendor/symfony/ux-chartjs/Resources/assets",
      "requires": {
        "@hotwired/stimulus": "^3.0.0",
        "@types/chart.js": "^2.9.34",
        "chart.js": "^3.4.1",
        "jest-canvas-mock": "^2.3.0",
        "resize-observer-polyfill": "^1.5.1"
      }
    },
    "@types/chart.js": {
      "version": "2.9.37",
      "resolved": "https://registry.npmjs.org/@types/chart.js/-/chart.js-2.9.37.tgz",
      "integrity": "sha512-9bosRfHhkXxKYfrw94EmyDQcdjMaQPkU1fH2tDxu8DWXxf1mjzWQAV4laJF51ZbC2ycYwNDvIm1rGez8Bug0vg==",
      "dev": true,
      "requires": {
        "moment": "^2.10.2"
      }
    },
    "bootstrap-icons": {
      "version": "1.9.1",
      "resolved": "https://registry.npmjs.org/bootstrap-icons/-/bootstrap-icons-1.9.1.tgz",
      "integrity": "sha512-d4ZkO30MIkAhQ2nNRJqKXJVEQorALGbLWTuRxyCTJF96lRIV6imcgMehWGJUiJMJhglN0o2tqLIeDnMdiQEE9g=="
    },
    "chart.js": {
      "version": "3.9.1",
      "resolved": "https://registry.npmjs.org/chart.js/-/chart.js-3.9.1.tgz",
      "integrity": "sha512-Ro2JbLmvg83gXF5F4sniaQ+lTbSv18E+TIf2cOeiH1Iqd2PGFOtem+DUufMZsCJwFE7ywPOpfXFBwRTGq7dh6w==",
      "dev": true
    },
    "color-name": {
      "version": "1.1.4",
      "resolved": "https://registry.npmjs.org/color-name/-/color-name-1.1.4.tgz",
      "integrity": "sha512-dOy+3AuW3a2wNbZHIuMZpTcgjGuLU/uBL/ubcZF9OXbDo8ff4O8yVp5Bf0efS8uEoYo5q4Fx7dY9OgQGXgAsQA==",
      "dev": true
    },
    "cssfontparser": {
      "version": "1.2.1",
      "resolved": "https://registry.npmjs.org/cssfontparser/-/cssfontparser-1.2.1.tgz",
      "integrity": "sha512-6tun4LoZnj7VN6YeegOVb67KBX/7JJsqvj+pv3ZA7F878/eN33AbGa5b/S/wXxS/tcp8nc40xRUrsPlxIyNUPg==",
      "dev": true
    },
    "jest-canvas-mock": {
      "version": "2.4.0",
      "resolved": "https://registry.npmjs.org/jest-canvas-mock/-/jest-canvas-mock-2.4.0.tgz",
      "integrity": "sha512-mmMpZzpmLzn5vepIaHk5HoH3Ka4WykbSoLuG/EKoJd0x0ID/t+INo1l8ByfcUJuDM+RIsL4QDg/gDnBbrj2/IQ==",
      "dev": true,
      "requires": {
        "cssfontparser": "^1.2.1",
        "moo-color": "^1.0.2"
      }
    },
    "moment": {
      "version": "2.29.4",
      "resolved": "https://registry.npmjs.org/moment/-/moment-2.29.4.tgz",
      "integrity": "sha512-5LC9SOxjSc2HF6vO2CyuTDNivEdoz2IvyJJGj6X8DJ0eFyfszE0QiEd+iXmBvUP3WHxSjFH/vIsA0EN00cgr8w==",
      "dev": true
    },
    "moo-color": {
      "version": "1.0.3",
      "resolved": "https://registry.npmjs.org/moo-color/-/moo-color-1.0.3.tgz",
      "integrity": "sha512-i/+ZKXMDf6aqYtBhuOcej71YSlbjT3wCO/4H1j8rPvxDJEifdwgg5MaFyu6iYAT8GBZJg2z0dkgK4YMzvURALQ==",
      "dev": true,
      "requires": {
        "color-name": "^1.1.4"
      }
    },
    "resize-observer-polyfill": {
      "version": "1.5.1",
      "resolved": "https://registry.npmjs.org/resize-observer-polyfill/-/resize-observer-polyfill-1.5.1.tgz",
      "integrity": "sha512-LwZrotdHOo12nQuZlHEmtuXdqGoOD0OhaxopaNFxWzInpEgaLWoVuAMbTzixuosCx2nEG58ngzW3vxdWoxIgdg==",
      "dev": true
    },
    "vanillajs-datepicker": {
      "version": "1.2.0",
      "resolved": "https://registry.npmjs.org/vanillajs-datepicker/-/vanillajs-datepicker-1.2.0.tgz",
      "integrity": "sha512-bfGdPYMf/lPwx0bJaXKKeyr3J7TnSBzB8xRWxMq6rtLxyAyyAjdCQ1h0WRGpRmE0qXIKdDy3yzRMDLHEGOub3A==",
      "dev": true
    }
  }
}
